
Microsoft Visual Studio Solution File, Format Version 12.00
# Visual Studio Version 17
VisualStudioVersion = 17.3.32819.101
MinimumVisualStudioVersion = 10.0.40219.1
Project("{FAE04EC0-301F-11D3-BF4B-00C04F79EFBC}") = "ShopCart", "ShopCart\ShopCart.csproj", "{EC91714A-3544-4995-B9EB-43CC30A35FEF}"
EndProject
Global
	GlobalSection(SolutionConfigurationPlatforms) = preSolution
		Debug|Any CPU = Debug|Any CPU
		Release|Any CPU = Release|Any CPU
	EndGlobalSection
	GlobalSection(ProjectConfigurationPlatforms) = postSolution
		{EC91714A-3544-4995-B9EB-43CC30A35FEF}.Debug|Any CPU.ActiveCfg = Debug|Any CPU
		{EC91714A-3544-4995-B9EB-43CC30A35FEF}.Debug|Any CPU.Build.0 = Debug|Any CPU
		{EC91714A-3544-4995-B9EB-43CC30A35FEF}.Release|Any CPU.ActiveCfg = Release|Any CPU
		{EC91714A-3544-4995-B9EB-43CC30A35FEF}.Release|Any CPU.Build.0 = Release|Any CPU
	EndGlobalSection
	GlobalSection(SolutionProperties) = preSolution
		HideSolutionNode = FALSE
	EndGlobalSection
	GlobalSection(ExtensibilityGlobals) = postSolution
		SolutionGuid = {1D08EB85-7245-4B32-91A4-12FE1DCDDE2B}
	EndGlobalSection
EndGlobal
